
Microsoft Visual Studio Solution File, Format Version 12.00
# Visual Studio 15
VisualStudioVersion = 15.0.27004.2006
MinimumVisualStudioVersion = 10.0.40219.1
Project("{FAE04EC0-301F-11D3-BF4B-00C04F79EFBC}") = "UI.Desktop", "UI.Desktop\UI.Desktop.csproj", "{0A641A89-CB0A-4FD6-8809-1E7D81C2DB1B}"
EndProject
Project("{FAE04EC0-301F-11D3-BF4B-00C04F79EFBC}") = "Business.Logic", "Business.Logic\Business.Logic.csproj", "{A65DDD01-F7DA-409B-BD0C-DAEFBF6D51CC}"
EndProject
Project("{FAE04EC0-301F-11D3-BF4B-00C04F79EFBC}") = "Util", "Util\Util.csproj", "{486D7B81-254F-41EE-A001-D0933884A2CF}"
EndProject
Project("{FAE04EC0-301F-11D3-BF4B-00C04F79EFBC}") = "Business.Entities", "Business.Entities\Business.Entities.csproj", "{4FE53A72-A1ED-49FB-B2F4-5ECBD278B8F9}"
EndProject
Project("{FAE04EC0-301F-11D3-BF4B-00C04F79EFBC}") = "UI.Web", "UI.Web\UI.Web.csproj", "{87DD2411-32B6-4FB1-8D56-57CC3B458FC5}"
EndProject
Project("{FAE04EC0-301F-11D3-BF4B-00C04F79EFBC}") = "Data.Database", "Data.Database\Data.Database.csproj", "{18D1C50F-58E0-4D94-B05B-4A95A146E6BB}"
EndProject
Project("{FAE04EC0-301F-11D3-BF4B-00C04F79EFBC}") = "UI.Consola", "UI.Consola\UI.Consola.csproj", "{5BF445E6-19F6-496C-B782-E38C397C44D2}"
EndProject
Global
	GlobalSection(SolutionConfigurationPlatforms) = preSolution
		Debug|Any CPU = Debug|Any CPU
		Release|Any CPU = Release|Any CPU
	EndGlobalSection
	GlobalSection(ProjectConfigurationPlatforms) = postSolution
		{0A641A89-CB0A-4FD6-8809-1E7D81C2DB1B}.Debug|Any CPU.ActiveCfg = Debug|Any CPU
		{0A641A89-CB0A-4FD6-8809-1E7D81C2DB1B}.Debug|Any CPU.Build.0 = Debug|Any CPU
		{0A641A89-CB0A-4FD6-8809-1E7D81C2DB1B}.Release|Any CPU.ActiveCfg = Release|Any CPU
		{0A641A89-CB0A-4FD6-8809-1E7D81C2DB1B}.Release|Any CPU.Build.0 = Release|Any CPU
		{A65DDD01-F7DA-409B-BD0C-DAEFBF6D51CC}.Debug|Any CPU.ActiveCfg = Debug|Any CPU
		{A65DDD01-F7DA-409B-BD0C-DAEFBF6D51CC}.Debug|Any CPU.Build.0 = Debug|Any CPU
		{A65DDD01-F7DA-409B-BD0C-DAEFBF6D51CC}.Release|Any CPU.ActiveCfg = Release|Any CPU
		{A65DDD01-F7DA-409B-BD0C-DAEFBF6D51CC}.Release|Any CPU.Build.0 = Release|Any CPU
		{486D7B81-254F-41EE-A001-D0933884A2CF}.Debug|Any CPU.ActiveCfg = Debug|Any CPU
		{486D7B81-254F-41EE-A001-D0933884A2CF}.Debug|Any CPU.Build.0 = Debug|Any CPU
		{486D7B81-254F-41EE-A001-D0933884A2CF}.Release|Any CPU.ActiveCfg = Release|Any CPU
		{486D7B81-254F-41EE-A001-D0933884A2CF}.Release|Any CPU.Build.0 = Release|Any CPU
		{4FE53A72-A1ED-49FB-B2F4-5ECBD278B8F9}.Debug|Any CPU.ActiveCfg = Debug|Any CPU
		{4FE53A72-A1ED-49FB-B2F4-5ECBD278B8F9}.Debug|Any CPU.Build.0 = Debug|Any CPU
		{4FE53A72-A1ED-49FB-B2F4-5ECBD278B8F9}.Release|Any CPU.ActiveCfg = Release|Any CPU
		{4FE53A72-A1ED-49FB-B2F4-5ECBD278B8F9}.Release|Any CPU.Build.0 = Release|Any CPU
		{87DD2411-32B6-4FB1-8D56-57CC3B458FC5}.Debug|Any CPU.ActiveCfg = Debug|Any CPU
		{87DD2411-32B6-4FB1-8D56-57CC3B458FC5}.Debug|Any CPU.Build.0 = Debug|Any CPU
		{87DD2411-32B6-4FB1-8D56-57CC3B458FC5}.Release|Any CPU.ActiveCfg = Release|Any CPU
		{87DD2411-32B6-4FB1-8D56-57CC3B458FC5}.Release|Any CPU.Build.0 = Release|Any CPU
		{18D1C50F-58E0-4D94-B05B-4A95A146E6BB}.Debug|Any CPU.ActiveCfg = Debug|Any CPU
		{18D1C50F-58E0-4D94-B05B-4A95A146E6BB}.Debug|Any CPU.Build.0 = Debug|Any CPU
		{18D1C50F-58E0-4D94-B05B-4A95A146E6BB}.Release|Any CPU.ActiveCfg = Release|Any CPU
		{18D1C50F-58E0-4D94-B05B-4A95A146E6BB}.Release|Any CPU.Build.0 = Release|Any CPU
		{5BF445E6-19F6-496C-B782-E38C397C44D2}.Debug|Any CPU.ActiveCfg = Debug|Any CPU
		{5BF445E6-19F6-496C-B782-E38C397C44D2}.Debug|Any CPU.Build.0 = Debug|Any CPU
		{5BF445E6-19F6-496C-B782-E38C397C44D2}.Release|Any CPU.ActiveCfg = Release|Any CPU
		{5BF445E6-19F6-496C-B782-E38C397C44D2}.Release|Any CPU.Build.0 = Release|Any CPU
	EndGlobalSection
	GlobalSection(SolutionProperties) = preSolution
		HideSolutionNode = FALSE
	EndGlobalSection
	GlobalSection(ExtensibilityGlobals) = postSolution
		SolutionGuid = {8B29199B-FA34-45CD-8559-2F9ED85153A2}
	EndGlobalSection
EndGlobal
